
Microsoft Visual Studio Solution File, Format Version 12.00
# Visual Studio 15
VisualStudioVersion = 15.0.28307.1738
MinimumVisualStudioVersion = 10.0.40219.1
Project("{8BC9CEB8-8B4A-11D0-8D11-00A0C91BC942}") = "markerlessAR", "markerlessAR\markerlessAR.vcxproj", "{01B9A3A4-80D1-4566-AF4B-C6398C25E4AB}"
EndProject
Global
	GlobalSection(SolutionConfigurationPlatforms) = preSolution
		Debug|x64 = Debug|x64
		Debug|x86 = Debug|x86
		Release|x64 = Release|x64
		Release|x86 = Release|x86
	EndGlobalSection
	GlobalSection(ProjectConfigurationPlatforms) = postSolution
		{01B9A3A4-80D1-4566-AF4B-C6398C25E4AB}.Debug|x64.ActiveCfg = Debug|x64
		{01B9A3A4-80D1-4566-AF4B-C6398C25E4AB}.Debug|x64.Build.0 = Debug|x64
		{01B9A3A4-80D1-4566-AF4B-C6398C25E4AB}.Debug|x86.ActiveCfg = Debug|Win32
		{01B9A3A4-80D1-4566-AF4B-C6398C25E4AB}.Debug|x86.Build.0 = Debug|Win32
		{01B9A3A4-80D1-4566-AF4B-C6398C25E4AB}.Release|x64.ActiveCfg = Release|x64
		{01B9A3A4-80D1-4566-AF4B-C6398C25E4AB}.Release|x64.Build.0 = Release|x64
		{01B9A3A4-80D1-4566-AF4B-C6398C25E4AB}.Release|x86.ActiveCfg = Release|Win32
		{01B9A3A4-80D1-4566-AF4B-C6398C25E4AB}.Release|x86.Build.0 = Release|Win32
	EndGlobalSection
	GlobalSection(SolutionProperties) = preSolution
		HideSolutionNode = FALSE
	EndGlobalSection
	GlobalSection(ExtensibilityGlobals) = postSolution
		SolutionGuid = {585359E0-1C0B-4FBB-B279-6088C48C2B48}
	EndGlobalSection
EndGlobal
