
Microsoft Visual Studio Solution File, Format Version 12.00
# Visual Studio 15
Project("{FAE04EC0-301F-11D3-BF4B-00C04F79EFBC}") = "Assembly-CSharp", "Assembly-CSharp.csproj", "{045E3BF4-5AFD-7C16-D5D4-FE38111BDB00}"
EndProject
Project("{FAE04EC0-301F-11D3-BF4B-00C04F79EFBC}") = "Assembly-CSharp-firstpass", "Assembly-CSharp-firstpass.csproj", "{9F48F1F2-13FC-6BAA-7316-0F1EEDE3FCDE}"
EndProject
Project("{FAE04EC0-301F-11D3-BF4B-00C04F79EFBC}") = "Assembly-CSharp-Editor", "Assembly-CSharp-Editor.csproj", "{F3072D69-363E-DE0A-466A-27AC6E1CD28F}"
EndProject
Global
	GlobalSection(SolutionConfigurationPlatforms) = preSolution
		Debug|Any CPU = Debug|Any CPU
		Release|Any CPU = Release|Any CPU
	EndGlobalSection
	GlobalSection(ProjectConfigurationPlatforms) = postSolution
		{045E3BF4-5AFD-7C16-D5D4-FE38111BDB00}.Debug|Any CPU.ActiveCfg = Debug|Any CPU
		{045E3BF4-5AFD-7C16-D5D4-FE38111BDB00}.Debug|Any CPU.Build.0 = Debug|Any CPU
		{045E3BF4-5AFD-7C16-D5D4-FE38111BDB00}.Release|Any CPU.ActiveCfg = Release|Any CPU
		{045E3BF4-5AFD-7C16-D5D4-FE38111BDB00}.Release|Any CPU.Build.0 = Release|Any CPU
		{9F48F1F2-13FC-6BAA-7316-0F1EEDE3FCDE}.Debug|Any CPU.ActiveCfg = Debug|Any CPU
		{9F48F1F2-13FC-6BAA-7316-0F1EEDE3FCDE}.Debug|Any CPU.Build.0 = Debug|Any CPU
		{9F48F1F2-13FC-6BAA-7316-0F1EEDE3FCDE}.Release|Any CPU.ActiveCfg = Release|Any CPU
		{9F48F1F2-13FC-6BAA-7316-0F1EEDE3FCDE}.Release|Any CPU.Build.0 = Release|Any CPU
		{F3072D69-363E-DE0A-466A-27AC6E1CD28F}.Debug|Any CPU.ActiveCfg = Debug|Any CPU
		{F3072D69-363E-DE0A-466A-27AC6E1CD28F}.Debug|Any CPU.Build.0 = Debug|Any CPU
		{F3072D69-363E-DE0A-466A-27AC6E1CD28F}.Release|Any CPU.ActiveCfg = Release|Any CPU
		{F3072D69-363E-DE0A-466A-27AC6E1CD28F}.Release|Any CPU.Build.0 = Release|Any CPU
	EndGlobalSection
	GlobalSection(SolutionProperties) = preSolution
		HideSolutionNode = FALSE
	EndGlobalSection
EndGlobal
