Microsoft Visual Studio Solution File, Format Version 11.00
# Visual Studio 2008

Project("{1F135F98-83F7-6AF7-EDA0-E6160FD0390E}") = "unity3dios", "Assembly-CSharp.csproj", "{36AFCA86-7636-9ADA-F3CB-6E79EC9CFA61}"
EndProject
Global
	GlobalSection(SolutionConfigurationPlatforms) = preSolution
		Debug|Any CPU = Debug|Any CPU
		Release|Any CPU = Release|Any CPU
	EndGlobalSection
	GlobalSection(ProjectConfigurationPlatforms) = postSolution
		{36AFCA86-7636-9ADA-F3CB-6E79EC9CFA61}.Debug|Any CPU.ActiveCfg = Debug|Any CPU
		{36AFCA86-7636-9ADA-F3CB-6E79EC9CFA61}.Debug|Any CPU.Build.0 = Debug|Any CPU
		{36AFCA86-7636-9ADA-F3CB-6E79EC9CFA61}.Release|Any CPU.ActiveCfg = Release|Any CPU
		{36AFCA86-7636-9ADA-F3CB-6E79EC9CFA61}.Release|Any CPU.Build.0 = Release|Any CPU
	EndGlobalSection
	GlobalSection(SolutionProperties) = preSolution
		HideSolutionNode = FALSE
	EndGlobalSection
	GlobalSection(MonoDevelopProperties) = preSolution
		StartupItem = Assembly-CSharp.csproj
	EndGlobalSection
EndGlobal
