Microsoft Visual Studio Solution File, Format Version 11.00
# Visual Studio 2008

Project("{CCD8FCE7-8BF1-764F-FD35-1CCFAED74FAB}") = "MarkerLess", "Assembly-CSharp.csproj", "{8A9BB79F-F61D-35EE-C875-6E0B8E34DA7A}"
EndProject
Global
	GlobalSection(SolutionConfigurationPlatforms) = preSolution
		Debug|Any CPU = Debug|Any CPU
		Release|Any CPU = Release|Any CPU
	EndGlobalSection
	GlobalSection(ProjectConfigurationPlatforms) = postSolution
		{8A9BB79F-F61D-35EE-C875-6E0B8E34DA7A}.Debug|Any CPU.ActiveCfg = Debug|Any CPU
		{8A9BB79F-F61D-35EE-C875-6E0B8E34DA7A}.Debug|Any CPU.Build.0 = Debug|Any CPU
		{8A9BB79F-F61D-35EE-C875-6E0B8E34DA7A}.Release|Any CPU.ActiveCfg = Release|Any CPU
		{8A9BB79F-F61D-35EE-C875-6E0B8E34DA7A}.Release|Any CPU.Build.0 = Release|Any CPU
	EndGlobalSection
	GlobalSection(SolutionProperties) = preSolution
		HideSolutionNode = FALSE
	EndGlobalSection
	GlobalSection(MonoDevelopProperties) = preSolution
		StartupItem = Assembly-CSharp.csproj
	EndGlobalSection
EndGlobal
